// !$*UTF8*$!
{
	archiveVersion = 1;
	classes = {
	};
	objectVersion = 56;
	objects = {

/* Begin PBXBuildFile section */
		04530C582A98A6E400409DF3 /* ScrollViewReaderBootcamp.swift in Sources */ = {isa = PBXBuildFile; fileRef = 04530C572A98A6E400409DF3 /* ScrollViewReaderBootcamp.swift */; };
		04530C852A99D96600409DF3 /* GeometryReaderBootcamp.swift in Sources */ = {isa = PBXBuildFile; fileRef = 04530C842A99D96600409DF3 /* GeometryReaderBootcamp.swift */; };
		04530CAB2A9DD14E00409DF3 /* ViewBuilderBootcamp.swift in Sources */ = {isa = PBXBuildFile; fileRef = 04530CAA2A9DD14E00409DF3 /* ViewBuilderBootcamp.swift */; };
		04571DFD2A84D7450019881A /* LocalNotificationBootcamp.swift in Sources */ = {isa = PBXBuildFile; fileRef = 04571DFC2A84D7450019881A /* LocalNotificationBootcamp.swift */; };
		04571E012A84DE670019881A /* MarkUp.swift in Sources */ = {isa = PBXBuildFile; fileRef = 04571E002A84DE670019881A /* MarkUp.swift */; };
		049CDC122A86055700FD91F4 /* DragGestureBootcamp.swift in Sources */ = {isa = PBXBuildFile; fileRef = 049CDC112A86055700FD91F4 /* DragGestureBootcamp.swift */; };
		049CDC142A86103C00FD91F4 /* DragGestureBootcamp2.swift in Sources */ = {isa = PBXBuildFile; fileRef = 049CDC132A86103C00FD91F4 /* DragGestureBootcamp2.swift */; };
		04CCBF242A5D3DCB004BD9F8 /* PortfolioApp.swift in Sources */ = {isa = PBXBuildFile; fileRef = 04CCBF232A5D3DCB004BD9F8 /* PortfolioApp.swift */; };
		04CCBF282A5D3DCC004BD9F8 /* Assets.xcassets in Resources */ = {isa = PBXBuildFile; fileRef = 04CCBF272A5D3DCC004BD9F8 /* Assets.xcassets */; };
		04CCBF2B2A5D3DCC004BD9F8 /* Preview Assets.xcassets in Resources */ = {isa = PBXBuildFile; fileRef = 04CCBF2A2A5D3DCC004BD9F8 /* Preview Assets.xcassets */; };
		04CCBF392A5D6522004BD9F8 /* SheetsBootcamp.swift in Sources */ = {isa = PBXBuildFile; fileRef = 04CCBF382A5D6522004BD9F8 /* SheetsBootcamp.swift */; };
		04CCBF3D2A5E6208004BD9F8 /* IntroView.swift in Sources */ = {isa = PBXBuildFile; fileRef = 04CCBF3C2A5E6208004BD9F8 /* IntroView.swift */; };
		04CCBF402A5E63AF004BD9F8 /* OnboardingView.swift in Sources */ = {isa = PBXBuildFile; fileRef = 04CCBF3F2A5E63AF004BD9F8 /* OnboardingView.swift */; };
		04CCBF422A5E8087004BD9F8 /* ProfileView.swift in Sources */ = {isa = PBXBuildFile; fileRef = 04CCBF412A5E8087004BD9F8 /* ProfileView.swift */; };
		04F048162A890568009EFF4B /* ResizableSheetBootcamp.swift in Sources */ = {isa = PBXBuildFile; fileRef = 04F048152A890568009EFF4B /* ResizableSheetBootcamp.swift */; };
		04F0481E2A89F946009EFF4B /* MatchedGeometryEffectBootcamp.swift in Sources */ = {isa = PBXBuildFile; fileRef = 04F0481D2A89F946009EFF4B /* MatchedGeometryEffectBootcamp.swift */; };
		04F048552A8DC76D009EFF4B /* DoTryCatchThrowsBootcamp.swift in Sources */ = {isa = PBXBuildFile; fileRef = 04F048542A8DC76D009EFF4B /* DoTryCatchThrowsBootcamp.swift */; };
		04F048592A8DE5B1009EFF4B /* DownloadImageAsync.swift in Sources */ = {isa = PBXBuildFile; fileRef = 04F048582A8DE5B1009EFF4B /* DownloadImageAsync.swift */; };
		04F048642A90BE17009EFF4B /* DependencyInjection.swift in Sources */ = {isa = PBXBuildFile; fileRef = 04F048632A90BE17009EFF4B /* DependencyInjection.swift */; };
		04F0486B2A91B3A1009EFF4B /* WeakSelfBootcamp.swift in Sources */ = {isa = PBXBuildFile; fileRef = 04F0486A2A91B3A1009EFF4B /* WeakSelfBootcamp.swift */; };
		04F048C12A95BAD4009EFF4B /* GenericsBootcamp.swift in Sources */ = {isa = PBXBuildFile; fileRef = 04F048C02A95BAD4009EFF4B /* GenericsBootcamp.swift */; };
		04FEB1C42A972EFC0064E9C7 /* MagnificationGestureBootcamp.swift in Sources */ = {isa = PBXBuildFile; fileRef = 04FEB1C32A972EFC0064E9C7 /* MagnificationGestureBootcamp.swift */; };
/* End PBXBuildFile section */

/* Begin PBXFileReference section */
		04530C562A98A64A00409DF3 /* README.md */ = {isa = PBXFileReference; lastKnownFileType = net.daringfireball.markdown; path = README.md; sourceTree = "<group>"; };
		04530C572A98A6E400409DF3 /* ScrollViewReaderBootcamp.swift */ = {isa = PBXFileReference; lastKnownFileType = sourcecode.swift; path = ScrollViewReaderBootcamp.swift; sourceTree = "<group>"; };
		04530C832A99D94E00409DF3 /* README.md */ = {isa = PBXFileReference; lastKnownFileType = net.daringfireball.markdown; path = README.md; sourceTree = "<group>"; };
		04530C842A99D96600409DF3 /* GeometryReaderBootcamp.swift */ = {isa = PBXFileReference; lastKnownFileType = sourcecode.swift; path = GeometryReaderBootcamp.swift; sourceTree = "<group>"; };
		04530CA92A9DD0C700409DF3 /* README.md */ = {isa = PBXFileReference; lastKnownFileType = net.daringfireball.markdown; path = README.md; sourceTree = "<group>"; };
		04530CAA2A9DD14E00409DF3 /* ViewBuilderBootcamp.swift */ = {isa = PBXFileReference; lastKnownFileType = sourcecode.swift; path = ViewBuilderBootcamp.swift; sourceTree = "<group>"; };
		04571DFA2A84D0540019881A /* README.md */ = {isa = PBXFileReference; lastKnownFileType = net.daringfireball.markdown; path = README.md; sourceTree = "<group>"; };
		04571DFB2A84D0A00019881A /* README.md */ = {isa = PBXFileReference; lastKnownFileType = net.daringfireball.markdown; path = README.md; sourceTree = "<group>"; };
		04571DFC2A84D7450019881A /* LocalNotificationBootcamp.swift */ = {isa = PBXFileReference; lastKnownFileType = sourcecode.swift; path = LocalNotificationBootcamp.swift; sourceTree = "<group>"; };
		04571E002A84DE670019881A /* MarkUp.swift */ = {isa = PBXFileReference; lastKnownFileType = sourcecode.swift; path = MarkUp.swift; sourceTree = "<group>"; };
		049CDC102A86054900FD91F4 /* README.md */ = {isa = PBXFileReference; lastKnownFileType = net.daringfireball.markdown; path = README.md; sourceTree = "<group>"; };
		049CDC112A86055700FD91F4 /* DragGestureBootcamp.swift */ = {isa = PBXFileReference; lastKnownFileType = sourcecode.swift; path = DragGestureBootcamp.swift; sourceTree = "<group>"; };
		049CDC132A86103C00FD91F4 /* DragGestureBootcamp2.swift */ = {isa = PBXFileReference; lastKnownFileType = sourcecode.swift; path = DragGestureBootcamp2.swift; sourceTree = "<group>"; };
		04CCBF202A5D3DCB004BD9F8 /* Portfolio.app */ = {isa = PBXFileReference; explicitFileType = wrapper.application; includeInIndex = 0; path = Portfolio.app; sourceTree = BUILT_PRODUCTS_DIR; };
		04CCBF232A5D3DCB004BD9F8 /* PortfolioApp.swift */ = {isa = PBXFileReference; lastKnownFileType = sourcecode.swift; path = PortfolioApp.swift; sourceTree = "<group>"; };
		04CCBF272A5D3DCC004BD9F8 /* Assets.xcassets */ = {isa = PBXFileReference; lastKnownFileType = folder.assetcatalog; path = Assets.xcassets; sourceTree = "<group>"; };
		04CCBF2A2A5D3DCC004BD9F8 /* Preview Assets.xcassets */ = {isa = PBXFileReference; lastKnownFileType = folder.assetcatalog; path = "Preview Assets.xcassets"; sourceTree = "<group>"; };
		04CCBF382A5D6522004BD9F8 /* SheetsBootcamp.swift */ = {isa = PBXFileReference; lastKnownFileType = sourcecode.swift; path = SheetsBootcamp.swift; sourceTree = "<group>"; };
		04CCBF3A2A5D672A004BD9F8 /* Sheet&FullScreenCover.md */ = {isa = PBXFileReference; lastKnownFileType = net.daringfireball.markdown; path = "Sheet&FullScreenCover.md"; sourceTree = "<group>"; };
		04CCBF3C2A5E6208004BD9F8 /* IntroView.swift */ = {isa = PBXFileReference; lastKnownFileType = sourcecode.swift; path = IntroView.swift; sourceTree = "<group>"; };
		04CCBF3E2A5E6216004BD9F8 /* Onboarding.md */ = {isa = PBXFileReference; lastKnownFileType = net.daringfireball.markdown; path = Onboarding.md; sourceTree = "<group>"; };
		04CCBF3F2A5E63AF004BD9F8 /* OnboardingView.swift */ = {isa = PBXFileReference; lastKnownFileType = sourcecode.swift; path = OnboardingView.swift; sourceTree = "<group>"; };
		04CCBF412A5E8087004BD9F8 /* ProfileView.swift */ = {isa = PBXFileReference; lastKnownFileType = sourcecode.swift; path = ProfileView.swift; sourceTree = "<group>"; };
		04F048142A890556009EFF4B /* README.md */ = {isa = PBXFileReference; lastKnownFileType = net.daringfireball.markdown; path = README.md; sourceTree = "<group>"; };
		04F048152A890568009EFF4B /* ResizableSheetBootcamp.swift */ = {isa = PBXFileReference; lastKnownFileType = sourcecode.swift; path = ResizableSheetBootcamp.swift; sourceTree = "<group>"; };
		04F0481C2A89F8A4009EFF4B /* README.md */ = {isa = PBXFileReference; lastKnownFileType = net.daringfireball.markdown; path = README.md; sourceTree = "<group>"; };
		04F0481D2A89F946009EFF4B /* MatchedGeometryEffectBootcamp.swift */ = {isa = PBXFileReference; lastKnownFileType = sourcecode.swift; path = MatchedGeometryEffectBootcamp.swift; sourceTree = "<group>"; };
		04F048532A8DC762009EFF4B /* README.md */ = {isa = PBXFileReference; lastKnownFileType = net.daringfireball.markdown; path = README.md; sourceTree = "<group>"; };
		04F048542A8DC76D009EFF4B /* DoTryCatchThrowsBootcamp.swift */ = {isa = PBXFileReference; lastKnownFileType = sourcecode.swift; path = DoTryCatchThrowsBootcamp.swift; sourceTree = "<group>"; };
		04F048572A8DE5A3009EFF4B /* README.md */ = {isa = PBXFileReference; lastKnownFileType = net.daringfireball.markdown; path = README.md; sourceTree = "<group>"; };
		04F048582A8DE5B1009EFF4B /* DownloadImageAsync.swift */ = {isa = PBXFileReference; lastKnownFileType = sourcecode.swift; path = DownloadImageAsync.swift; sourceTree = "<group>"; };
		04F048622A90A878009EFF4B /* README.md */ = {isa = PBXFileReference; lastKnownFileType = net.daringfireball.markdown; path = README.md; sourceTree = "<group>"; };
		04F048632A90BE17009EFF4B /* DependencyInjection.swift */ = {isa = PBXFileReference; lastKnownFileType = sourcecode.swift; path = DependencyInjection.swift; sourceTree = "<group>"; };
		04F048692A91B38A009EFF4B /* README.md */ = {isa = PBXFileReference; lastKnownFileType = net.daringfireball.markdown; path = README.md; sourceTree = "<group>"; };
		04F0486A2A91B3A1009EFF4B /* WeakSelfBootcamp.swift */ = {isa = PBXFileReference; lastKnownFileType = sourcecode.swift; path = WeakSelfBootcamp.swift; sourceTree = "<group>"; };
		04F048BF2A95BAC7009EFF4B /* README.md */ = {isa = PBXFileReference; lastKnownFileType = net.daringfireball.markdown; path = README.md; sourceTree = "<group>"; };
		04F048C02A95BAD4009EFF4B /* GenericsBootcamp.swift */ = {isa = PBXFileReference; lastKnownFileType = sourcecode.swift; path = GenericsBootcamp.swift; sourceTree = "<group>"; };
		04FEB1C22A972E740064E9C7 /* README.md */ = {isa = PBXFileReference; lastKnownFileType = net.daringfireball.markdown; path = README.md; sourceTree = "<group>"; };
		04FEB1C32A972EFC0064E9C7 /* MagnificationGestureBootcamp.swift */ = {isa = PBXFileReference; lastKnownFileType = sourcecode.swift; path = MagnificationGestureBootcamp.swift; sourceTree = "<group>"; };
/* End PBXFileReference section */

/* Begin PBXFrameworksBuildPhase section */
		04CCBF1D2A5D3DCB004BD9F8 /* Frameworks */ = {
			isa = PBXFrameworksBuildPhase;
			buildActionMask = 2147483647;
			files = (
			);
			runOnlyForDeploymentPostprocessing = 0;
		};
/* End PBXFrameworksBuildPhase section */

/* Begin PBXGroup section */
		04530C552A98A63700409DF3 /* ScrollViewReader */ = {
			isa = PBXGroup;
			children = (
				04530C562A98A64A00409DF3 /* README.md */,
				04530C572A98A6E400409DF3 /* ScrollViewReaderBootcamp.swift */,
			);
			path = ScrollViewReader;
			sourceTree = "<group>";
		};
		04530C822A99D94200409DF3 /* GeometryReader */ = {
			isa = PBXGroup;
			children = (
				04530C832A99D94E00409DF3 /* README.md */,
				04530C842A99D96600409DF3 /* GeometryReaderBootcamp.swift */,
			);
			path = GeometryReader;
			sourceTree = "<group>";
		};
		04530CA82A9DD0BB00409DF3 /* ViewBuilder */ = {
			isa = PBXGroup;
			children = (
				04530CA92A9DD0C700409DF3 /* README.md */,
				04530CAA2A9DD14E00409DF3 /* ViewBuilderBootcamp.swift */,
			);
			path = ViewBuilder;
			sourceTree = "<group>";
		};
		04571DF92A84CFFA0019881A /* LocalNotifications */ = {
			isa = PBXGroup;
			children = (
				04571DFA2A84D0540019881A /* README.md */,
				04571DFC2A84D7450019881A /* LocalNotificationBootcamp.swift */,
			);
			path = LocalNotifications;
			sourceTree = "<group>";
		};
		04571DFE2A84DE2C0019881A /* Xcode */ = {
			isa = PBXGroup;
			children = (
				04571DFF2A84DE400019881A /* MarkUp */,
			);
			path = Xcode;
			sourceTree = "<group>";
		};
		04571DFF2A84DE400019881A /* MarkUp */ = {
			isa = PBXGroup;
			children = (
				04571E002A84DE670019881A /* MarkUp.swift */,
			);
			path = MarkUp;
			sourceTree = "<group>";
		};
		049CDC0F2A86053A00FD91F4 /* DragGesture */ = {
			isa = PBXGroup;
			children = (
				049CDC102A86054900FD91F4 /* README.md */,
				049CDC112A86055700FD91F4 /* DragGestureBootcamp.swift */,
				049CDC132A86103C00FD91F4 /* DragGestureBootcamp2.swift */,
			);
			path = DragGesture;
			sourceTree = "<group>";
		};
		04CCBF172A5D3DCB004BD9F8 = {
			isa = PBXGroup;
			children = (
				04571DFB2A84D0A00019881A /* README.md */,
				04CCBF222A5D3DCB004BD9F8 /* Portfolio */,
				04CCBF212A5D3DCB004BD9F8 /* Products */,
			);
			sourceTree = "<group>";
		};
		04CCBF212A5D3DCB004BD9F8 /* Products */ = {
			isa = PBXGroup;
			children = (
				04CCBF202A5D3DCB004BD9F8 /* Portfolio.app */,
			);
			name = Products;
			sourceTree = "<group>";
		};
		04CCBF222A5D3DCB004BD9F8 /* Portfolio */ = {
			isa = PBXGroup;
			children = (
				04CCBF232A5D3DCB004BD9F8 /* PortfolioApp.swift */,
				04571DFE2A84DE2C0019881A /* Xcode */,
				04CCBF312A5D4359004BD9F8 /* SwiftUIComponents */,
				04CCBF272A5D3DCC004BD9F8 /* Assets.xcassets */,
				04CCBF292A5D3DCC004BD9F8 /* Preview Content */,
			);
			path = Portfolio;
			sourceTree = "<group>";
		};
		04CCBF292A5D3DCC004BD9F8 /* Preview Content */ = {
			isa = PBXGroup;
			children = (
				04CCBF2A2A5D3DCC004BD9F8 /* Preview Assets.xcassets */,
			);
			path = "Preview Content";
			sourceTree = "<group>";
		};
		04CCBF312A5D4359004BD9F8 /* SwiftUIComponents */ = {
			isa = PBXGroup;
			children = (
				04CCBF322A5D4398004BD9F8 /* Beginner */,
				04CCBF332A5D43A0004BD9F8 /* Intermediate */,
				04CCBF342A5D43B8004BD9F8 /* Advanced */,
				04F048512A8DC3EF009EFF4B /* Concurrency */,
			);
			path = SwiftUIComponents;
			sourceTree = "<group>";
		};
		04CCBF322A5D4398004BD9F8 /* Beginner */ = {
			isa = PBXGroup;
			children = (
				04F048132A890504009EFF4B /* ResizableSheet */,
				04CCBF3B2A5E61B3004BD9F8 /* OnboardingWith@AppStorage */,
				04CCBF372A5D6500004BD9F8 /* SheetAndFullScreenCover */,
			);
			path = Beginner;
			sourceTree = "<group>";
		};
		04CCBF332A5D43A0004BD9F8 /* Intermediate */ = {
			isa = PBXGroup;
			children = (
				04530C822A99D94200409DF3 /* GeometryReader */,
				04530C552A98A63700409DF3 /* ScrollViewReader */,
				04FEB1C12A972E550064E9C7 /* MagnificationGesture */,
				04F048682A91B378009EFF4B /* WeakSelf */,
				049CDC0F2A86053A00FD91F4 /* DragGesture */,
				04571DF92A84CFFA0019881A /* LocalNotifications */,
			);
			path = Intermediate;
			sourceTree = "<group>";
		};
		04CCBF342A5D43B8004BD9F8 /* Advanced */ = {
			isa = PBXGroup;
			children = (
				04530CA82A9DD0BB00409DF3 /* ViewBuilder */,
				04F048BE2A95BABA009EFF4B /* Generics */,
				04F048612A90A868009EFF4B /* DependencyInjection */,
				04F0481B2A89F893009EFF4B /* MatchedGeometryEffect */,
			);
			path = Advanced;
			sourceTree = "<group>";
		};
		04CCBF372A5D6500004BD9F8 /* SheetAndFullScreenCover */ = {
			isa = PBXGroup;
			children = (
				04CCBF3A2A5D672A004BD9F8 /* Sheet&FullScreenCover.md */,
				04CCBF382A5D6522004BD9F8 /* SheetsBootcamp.swift */,
			);
			path = SheetAndFullScreenCover;
			sourceTree = "<group>";
		};
		04CCBF3B2A5E61B3004BD9F8 /* OnboardingWith@AppStorage */ = {
			isa = PBXGroup;
			children = (
				04CCBF3E2A5E6216004BD9F8 /* Onboarding.md */,
				04CCBF3C2A5E6208004BD9F8 /* IntroView.swift */,
				04CCBF3F2A5E63AF004BD9F8 /* OnboardingView.swift */,
				04CCBF412A5E8087004BD9F8 /* ProfileView.swift */,
			);
			path = "OnboardingWith@AppStorage";
			sourceTree = "<group>";
		};
		04F048132A890504009EFF4B /* ResizableSheet */ = {
			isa = PBXGroup;
			children = (
				04F048142A890556009EFF4B /* README.md */,
				04F048152A890568009EFF4B /* ResizableSheetBootcamp.swift */,
			);
			path = ResizableSheet;
			sourceTree = "<group>";
		};
		04F0481B2A89F893009EFF4B /* MatchedGeometryEffect */ = {
			isa = PBXGroup;
			children = (
				04F0481C2A89F8A4009EFF4B /* README.md */,
				04F0481D2A89F946009EFF4B /* MatchedGeometryEffectBootcamp.swift */,
			);
			path = MatchedGeometryEffect;
			sourceTree = "<group>";
		};
		04F048512A8DC3EF009EFF4B /* Concurrency */ = {
			isa = PBXGroup;
			children = (
				04F0485A2A8F3921009EFF4B /* DownloadImage */,
				04F048522A8DC6F9009EFF4B /* DoTryCatchThrows */,
			);
			path = Concurrency;
			sourceTree = "<group>";
		};
		04F048522A8DC6F9009EFF4B /* DoTryCatchThrows */ = {
			isa = PBXGroup;
			children = (
				04F048532A8DC762009EFF4B /* README.md */,
				04F048542A8DC76D009EFF4B /* DoTryCatchThrowsBootcamp.swift */,
			);
			path = DoTryCatchThrows;
			sourceTree = "<group>";
		};
		04F0485A2A8F3921009EFF4B /* DownloadImage */ = {
			isa = PBXGroup;
			children = (
				04F048572A8DE5A3009EFF4B /* README.md */,
				04F048582A8DE5B1009EFF4B /* DownloadImageAsync.swift */,
			);
			path = DownloadImage;
			sourceTree = "<group>";
		};
		04F048612A90A868009EFF4B /* DependencyInjection */ = {
			isa = PBXGroup;
			children = (
				04F048622A90A878009EFF4B /* README.md */,
				04F048632A90BE17009EFF4B /* DependencyInjection.swift */,
			);
			path = DependencyInjection;
			sourceTree = "<group>";
		};
		04F048682A91B378009EFF4B /* WeakSelf */ = {
			isa = PBXGroup;
			children = (
				04F048692A91B38A009EFF4B /* README.md */,
				04F0486A2A91B3A1009EFF4B /* WeakSelfBootcamp.swift */,
			);
			path = WeakSelf;
			sourceTree = "<group>";
		};
		04F048BE2A95BABA009EFF4B /* Generics */ = {
			isa = PBXGroup;
			children = (
				04F048BF2A95BAC7009EFF4B /* README.md */,
				04F048C02A95BAD4009EFF4B /* GenericsBootcamp.swift */,
			);
			path = Generics;
			sourceTree = "<group>";
		};
		04FEB1C12A972E550064E9C7 /* MagnificationGesture */ = {
			isa = PBXGroup;
			children = (
				04FEB1C22A972E740064E9C7 /* README.md */,
				04FEB1C32A972EFC0064E9C7 /* MagnificationGestureBootcamp.swift */,
			);
			path = MagnificationGesture;
			sourceTree = "<group>";
		};
/* End PBXGroup section */

/* Begin PBXNativeTarget section */
		04CCBF1F2A5D3DCB004BD9F8 /* Portfolio */ = {
			isa = PBXNativeTarget;
			buildConfigurationList = 04CCBF2E2A5D3DCC004BD9F8 /* Build configuration list for PBXNativeTarget "Portfolio" */;
			buildPhases = (
				04CCBF1C2A5D3DCB004BD9F8 /* Sources */,
				04CCBF1D2A5D3DCB004BD9F8 /* Frameworks */,
				04CCBF1E2A5D3DCB004BD9F8 /* Resources */,
			);
			buildRules = (
			);
			dependencies = (
			);
			name = Portfolio;
			productName = Portfolio;
			productReference = 04CCBF202A5D3DCB004BD9F8 /* Portfolio.app */;
			productType = "com.apple.product-type.application";
		};
/* End PBXNativeTarget section */

/* Begin PBXProject section */
		04CCBF182A5D3DCB004BD9F8 /* Project object */ = {
			isa = PBXProject;
			attributes = {
				BuildIndependentTargetsInParallel = 1;
				LastSwiftUpdateCheck = 1430;
				LastUpgradeCheck = 1430;
				TargetAttributes = {
					04CCBF1F2A5D3DCB004BD9F8 = {
						CreatedOnToolsVersion = 14.3.1;
					};
				};
			};
			buildConfigurationList = 04CCBF1B2A5D3DCB004BD9F8 /* Build configuration list for PBXProject "Portfolio" */;
			compatibilityVersion = "Xcode 14.0";
			developmentRegion = en;
			hasScannedForEncodings = 0;
			knownRegions = (
				en,
				Base,
			);
			mainGroup = 04CCBF172A5D3DCB004BD9F8;
			productRefGroup = 04CCBF212A5D3DCB004BD9F8 /* Products */;
			projectDirPath = "";
			projectRoot = "";
			targets = (
				04CCBF1F2A5D3DCB004BD9F8 /* Portfolio */,
			);
		};
/* End PBXProject section */

/* Begin PBXResourcesBuildPhase section */
		04CCBF1E2A5D3DCB004BD9F8 /* Resources */ = {
			isa = PBXResourcesBuildPhase;
			buildActionMask = 2147483647;
			files = (
				04CCBF2B2A5D3DCC004BD9F8 /* Preview Assets.xcassets in Resources */,
				04CCBF282A5D3DCC004BD9F8 /* Assets.xcassets in Resources */,
			);
			runOnlyForDeploymentPostprocessing = 0;
		};
/* End PBXResourcesBuildPhase section */

/* Begin PBXSourcesBuildPhase section */
		04CCBF1C2A5D3DCB004BD9F8 /* Sources */ = {
			isa = PBXSourcesBuildPhase;
			buildActionMask = 2147483647;
			files = (
				04CCBF392A5D6522004BD9F8 /* SheetsBootcamp.swift in Sources */,
				04F0481E2A89F946009EFF4B /* MatchedGeometryEffectBootcamp.swift in Sources */,
				04FEB1C42A972EFC0064E9C7 /* MagnificationGestureBootcamp.swift in Sources */,
				049CDC122A86055700FD91F4 /* DragGestureBootcamp.swift in Sources */,
				04530C852A99D96600409DF3 /* GeometryReaderBootcamp.swift in Sources */,
				04CCBF3D2A5E6208004BD9F8 /* IntroView.swift in Sources */,
				04F048552A8DC76D009EFF4B /* DoTryCatchThrowsBootcamp.swift in Sources */,
				049CDC142A86103C00FD91F4 /* DragGestureBootcamp2.swift in Sources */,
				04F048C12A95BAD4009EFF4B /* GenericsBootcamp.swift in Sources */,
				04CCBF402A5E63AF004BD9F8 /* OnboardingView.swift in Sources */,
				04530C582A98A6E400409DF3 /* ScrollViewReaderBootcamp.swift in Sources */,
				04571E012A84DE670019881A /* MarkUp.swift in Sources */,
				04F048162A890568009EFF4B /* ResizableSheetBootcamp.swift in Sources */,
				04F0486B2A91B3A1009EFF4B /* WeakSelfBootcamp.swift in Sources */,
				04CCBF422A5E8087004BD9F8 /* ProfileView.swift in Sources */,
				04530CAB2A9DD14E00409DF3 /* ViewBuilderBootcamp.swift in Sources */,
				04F048592A8DE5B1009EFF4B /* DownloadImageAsync.swift in Sources */,
				04CCBF242A5D3DCB004BD9F8 /* PortfolioApp.swift in Sources */,
				04F048642A90BE17009EFF4B /* DependencyInjection.swift in Sources */,
				04571DFD2A84D7450019881A /* LocalNotificationBootcamp.swift in Sources */,
			);
			runOnlyForDeploymentPostprocessing = 0;
		};
/* End PBXSourcesBuildPhase section */

/* Begin XCBuildConfiguration section */
		04CCBF2C2A5D3DCC004BD9F8 /* Debug */ = {
			isa = XCBuildConfiguration;
			buildSettings = {
				ALWAYS_SEARCH_USER_PATHS = NO;
				CLANG_ANALYZER_NONNULL = YES;
				CLANG_ANALYZER_NUMBER_OBJECT_CONVERSION = YES_AGGRESSIVE;
				CLANG_CXX_LANGUAGE_STANDARD = "gnu++20";
				CLANG_ENABLE_MODULES = YES;
				CLANG_ENABLE_OBJC_ARC = YES;
				CLANG_ENABLE_OBJC_WEAK = YES;
				CLANG_WARN_BLOCK_CAPTURE_AUTORELEASING = YES;
				CLANG_WARN_BOOL_CONVERSION = YES;
				CLANG_WARN_COMMA = YES;
				CLANG_WARN_CONSTANT_CONVERSION = YES;
				CLANG_WARN_DEPRECATED_OBJC_IMPLEMENTATIONS = YES;
				CLANG_WARN_DIRECT_OBJC_ISA_USAGE = YES_ERROR;
				CLANG_WARN_DOCUMENTATION_COMMENTS = YES;
				CLANG_WARN_EMPTY_BODY = YES;
				CLANG_WARN_ENUM_CONVERSION = YES;
				CLANG_WARN_INFINITE_RECURSION = YES;
				CLANG_WARN_INT_CONVERSION = YES;
				CLANG_WARN_NON_LITERAL_NULL_CONVERSION = YES;
				CLANG_WARN_OBJC_IMPLICIT_RETAIN_SELF = YES;
				CLANG_WARN_OBJC_LITERAL_CONVERSION = YES;
				CLANG_WARN_OBJC_ROOT_CLASS = YES_ERROR;
				CLANG_WARN_QUOTED_INCLUDE_IN_FRAMEWORK_HEADER = YES;
				CLANG_WARN_RANGE_LOOP_ANALYSIS = YES;
				CLANG_WARN_STRICT_PROTOTYPES = YES;
				CLANG_WARN_SUSPICIOUS_MOVE = YES;
				CLANG_WARN_UNGUARDED_AVAILABILITY = YES_AGGRESSIVE;
				CLANG_WARN_UNREACHABLE_CODE = YES;
				CLANG_WARN__DUPLICATE_METHOD_MATCH = YES;
				COPY_PHASE_STRIP = NO;
				DEBUG_INFORMATION_FORMAT = dwarf;
				ENABLE_STRICT_OBJC_MSGSEND = YES;
				ENABLE_TESTABILITY = YES;
				GCC_C_LANGUAGE_STANDARD = gnu11;
				GCC_DYNAMIC_NO_PIC = NO;
				GCC_NO_COMMON_BLOCKS = YES;
				GCC_OPTIMIZATION_LEVEL = 0;
				GCC_PREPROCESSOR_DEFINITIONS = (
					"DEBUG=1",
					"$(inherited)",
				);
				GCC_WARN_64_TO_32_BIT_CONVERSION = YES;
				GCC_WARN_ABOUT_RETURN_TYPE = YES_ERROR;
				GCC_WARN_UNDECLARED_SELECTOR = YES;
				GCC_WARN_UNINITIALIZED_AUTOS = YES_AGGRESSIVE;
				GCC_WARN_UNUSED_FUNCTION = YES;
				GCC_WARN_UNUSED_VARIABLE = YES;
				IPHONEOS_DEPLOYMENT_TARGET = 16.4;
				MTL_ENABLE_DEBUG_INFO = INCLUDE_SOURCE;
				MTL_FAST_MATH = YES;
				ONLY_ACTIVE_ARCH = YES;
				SDKROOT = iphoneos;
				SWIFT_ACTIVE_COMPILATION_CONDITIONS = DEBUG;
				SWIFT_OPTIMIZATION_LEVEL = "-Onone";
			};
			name = Debug;
		};
		04CCBF2D2A5D3DCC004BD9F8 /* Release */ = {
			isa = XCBuildConfiguration;
			buildSettings = {
				ALWAYS_SEARCH_USER_PATHS = NO;
				CLANG_ANALYZER_NONNULL = YES;
				CLANG_ANALYZER_NUMBER_OBJECT_CONVERSION = YES_AGGRESSIVE;
				CLANG_CXX_LANGUAGE_STANDARD = "gnu++20";
				CLANG_ENABLE_MODULES = YES;
				CLANG_ENABLE_OBJC_ARC = YES;
				CLANG_ENABLE_OBJC_WEAK = YES;
				CLANG_WARN_BLOCK_CAPTURE_AUTORELEASING = YES;
				CLANG_WARN_BOOL_CONVERSION = YES;
				CLANG_WARN_COMMA = YES;
				CLANG_WARN_CONSTANT_CONVERSION = YES;
				CLANG_WARN_DEPRECATED_OBJC_IMPLEMENTATIONS = YES;
				CLANG_WARN_DIRECT_OBJC_ISA_USAGE = YES_ERROR;
				CLANG_WARN_DOCUMENTATION_COMMENTS = YES;
				CLANG_WARN_EMPTY_BODY = YES;
				CLANG_WARN_ENUM_CONVERSION = YES;
				CLANG_WARN_INFINITE_RECURSION = YES;
				CLANG_WARN_INT_CONVERSION = YES;
				CLANG_WARN_NON_LITERAL_NULL_CONVERSION = YES;
				CLANG_WARN_OBJC_IMPLICIT_RETAIN_SELF = YES;
				CLANG_WARN_OBJC_LITERAL_CONVERSION = YES;
				CLANG_WARN_OBJC_ROOT_CLASS = YES_ERROR;
				CLANG_WARN_QUOTED_INCLUDE_IN_FRAMEWORK_HEADER = YES;
				CLANG_WARN_RANGE_LOOP_ANALYSIS = YES;
				CLANG_WARN_STRICT_PROTOTYPES = YES;
				CLANG_WARN_SUSPICIOUS_MOVE = YES;
				CLANG_WARN_UNGUARDED_AVAILABILITY = YES_AGGRESSIVE;
				CLANG_WARN_UNREACHABLE_CODE = YES;
				CLANG_WARN__DUPLICATE_METHOD_MATCH = YES;
				COPY_PHASE_STRIP = NO;
				DEBUG_INFORMATION_FORMAT = "dwarf-with-dsym";
				ENABLE_NS_ASSERTIONS = NO;
				ENABLE_STRICT_OBJC_MSGSEND = YES;
				GCC_C_LANGUAGE_STANDARD = gnu11;
				GCC_NO_COMMON_BLOCKS = YES;
				GCC_WARN_64_TO_32_BIT_CONVERSION = YES;
				GCC_WARN_ABOUT_RETURN_TYPE = YES_ERROR;
				GCC_WARN_UNDECLARED_SELECTOR = YES;
				GCC_WARN_UNINITIALIZED_AUTOS = YES_AGGRESSIVE;
				GCC_WARN_UNUSED_FUNCTION = YES;
				GCC_WARN_UNUSED_VARIABLE = YES;
				IPHONEOS_DEPLOYMENT_TARGET = 16.4;
				MTL_ENABLE_DEBUG_INFO = NO;
				MTL_FAST_MATH = YES;
				SDKROOT = iphoneos;
				SWIFT_COMPILATION_MODE = wholemodule;
				SWIFT_OPTIMIZATION_LEVEL = "-O";
				VALIDATE_PRODUCT = YES;
			};
			name = Release;
		};
		04CCBF2F2A5D3DCC004BD9F8 /* Debug */ = {
			isa = XCBuildConfiguration;
			buildSettings = {
				ASSETCATALOG_COMPILER_APPICON_NAME = AppIcon;
				ASSETCATALOG_COMPILER_GLOBAL_ACCENT_COLOR_NAME = AccentColor;
				CODE_SIGN_STYLE = Automatic;
				CURRENT_PROJECT_VERSION = 1;
				DEVELOPMENT_ASSET_PATHS = "\"Portfolio/Preview Content\"";
				DEVELOPMENT_TEAM = P85DW78LYM;
				ENABLE_PREVIEWS = YES;
				GENERATE_INFOPLIST_FILE = YES;
				INFOPLIST_KEY_UIApplicationSceneManifest_Generation = YES;
				INFOPLIST_KEY_UIApplicationSupportsIndirectInputEvents = YES;
				INFOPLIST_KEY_UILaunchScreen_Generation = YES;
				INFOPLIST_KEY_UISupportedInterfaceOrientations_iPad = "UIInterfaceOrientationPortrait UIInterfaceOrientationPortraitUpsideDown UIInterfaceOrientationLandscapeLeft UIInterfaceOrientationLandscapeRight";
				INFOPLIST_KEY_UISupportedInterfaceOrientations_iPhone = "UIInterfaceOrientationPortrait UIInterfaceOrientationLandscapeLeft UIInterfaceOrientationLandscapeRight";
				LD_RUNPATH_SEARCH_PATHS = (
					"$(inherited)",
					"@executable_path/Frameworks",
				);
				MARKETING_VERSION = 1.0;
				PRODUCT_BUNDLE_IDENTIFIER = SwainYun.Portfolio;
				PRODUCT_NAME = "$(TARGET_NAME)";
				SWIFT_EMIT_LOC_STRINGS = YES;
				SWIFT_VERSION = 5.0;
				TARGETED_DEVICE_FAMILY = "1,2";
			};
			name = Debug;
		};
		04CCBF302A5D3DCC004BD9F8 /* Release */ = {
			isa = XCBuildConfiguration;
			buildSettings = {
				ASSETCATALOG_COMPILER_APPICON_NAME = AppIcon;
				ASSETCATALOG_COMPILER_GLOBAL_ACCENT_COLOR_NAME = AccentColor;
				CODE_SIGN_STYLE = Automatic;
				CURRENT_PROJECT_VERSION = 1;
				DEVELOPMENT_ASSET_PATHS = "\"Portfolio/Preview Content\"";
				DEVELOPMENT_TEAM = P85DW78LYM;
				ENABLE_PREVIEWS = YES;
				GENERATE_INFOPLIST_FILE = YES;
				INFOPLIST_KEY_UIApplicationSceneManifest_Generation = YES;
				INFOPLIST_KEY_UIApplicationSupportsIndirectInputEvents = YES;
				INFOPLIST_KEY_UILaunchScreen_Generation = YES;
				INFOPLIST_KEY_UISupportedInterfaceOrientations_iPad = "UIInterfaceOrientationPortrait UIInterfaceOrientationPortraitUpsideDown UIInterfaceOrientationLandscapeLeft UIInterfaceOrientationLandscapeRight";
				INFOPLIST_KEY_UISupportedInterfaceOrientations_iPhone = "UIInterfaceOrientationPortrait UIInterfaceOrientationLandscapeLeft UIInterfaceOrientationLandscapeRight";
				LD_RUNPATH_SEARCH_PATHS = (
					"$(inherited)",
					"@executable_path/Frameworks",
				);
				MARKETING_VERSION = 1.0;
				PRODUCT_BUNDLE_IDENTIFIER = SwainYun.Portfolio;
				PRODUCT_NAME = "$(TARGET_NAME)";
				SWIFT_EMIT_LOC_STRINGS = YES;
				SWIFT_VERSION = 5.0;
				TARGETED_DEVICE_FAMILY = "1,2";
			};
			name = Release;
		};
/* End XCBuildConfiguration section */

/* Begin XCConfigurationList section */
		04CCBF1B2A5D3DCB004BD9F8 /* Build configuration list for PBXProject "Portfolio" */ = {
			isa = XCConfigurationList;
			buildConfigurations = (
				04CCBF2C2A5D3DCC004BD9F8 /* Debug */,
				04CCBF2D2A5D3DCC004BD9F8 /* Release */,
			);
			defaultConfigurationIsVisible = 0;
			defaultConfigurationName = Release;
		};
		04CCBF2E2A5D3DCC004BD9F8 /* Build configuration list for PBXNativeTarget "Portfolio" */ = {
			isa = XCConfigurationList;
			buildConfigurations = (
				04CCBF2F2A5D3DCC004BD9F8 /* Debug */,
				04CCBF302A5D3DCC004BD9F8 /* Release */,
			);
			defaultConfigurationIsVisible = 0;
			defaultConfigurationName = Release;
		};
/* End XCConfigurationList section */
	};
	rootObject = 04CCBF182A5D3DCB004BD9F8 /* Project object */;
}
